<?xml version="1.0" encoding="utf-8"?>
<Project ToolsVersion="4.0" xmlns="http://schemas.microsoft.com/developer/msbuild/2003">
  <ItemGroup>
    <Filter Include="GemWarsExample">
      <UniqueIdentifier>{2766495D-1334-3D63-FCC7-AD89E83419C8}</UniqueIdentifier>
    </Filter>
    <Filter Include="MarioExample">
      <UniqueIdentifier>{6934B77C-5597-4621-FE1C-7FD7EA5E12A4}</UniqueIdentifier>
    </Filter>
    <Filter Include="ParticlePhysicsExample">
      <UniqueIdentifier>{C883066D-B47D-2FBF-9DEA-C5CF8983952B}</UniqueIdentifier>
    </Filter>
    <Filter Include="QuadTreeExample">
      <UniqueIdentifier>{6C67D421-D8F2-41E6-E103-C5DA4D0E9EE6}</UniqueIdentifier>
    </Filter>
    <Filter Include="RigidBodyPhysicsExample">
      <UniqueIdentifier>{91224E4B-FD59-96E2-0664-FA05721ABDDB}</UniqueIdentifier>
    </Filter>
  </ItemGroup>
  <ItemGroup>
    <ClInclude Include="src\GemWarsExample\GemWarsExample.h">
      <Filter>GemWarsExample</Filter>
    </ClInclude>
    <ClInclude Include="src\MarioExample\MarioActions.h">
      <Filter>MarioExample</Filter>
    </ClInclude>
    <ClInclude Include="src\MarioExample\MarioContactListener.h">
      <Filter>MarioExample</Filter>
    </ClInclude>
    <ClInclude Include="src\MarioExample\MarioGame.h">
      <Filter>MarioExample</Filter>
    </ClInclude>
    <ClInclude Include="src\MarioExample\MarioScene.h">
      <Filter>MarioExample</Filter>
    </ClInclude>
    <ClInclude Include="src\ParticlePhysicsExample\ParticlePhysicsExample.h">
      <Filter>ParticlePhysicsExample</Filter>
    </ClInclude>
    <ClInclude Include="src\QuadTreeExample\QuadTreeExample.h">
      <Filter>QuadTreeExample</Filter>
    </ClInclude>
    <ClInclude Include="src\RigidBodyPhysicsExample\RigidBodyPhysicsExample.h">
      <Filter>RigidBodyPhysicsExample</Filter>
    </ClInclude>
  </ItemGroup>
  <ItemGroup>
    <ClCompile Include="src\GemWarsExample\GemWarsExample.cpp">
      <Filter>GemWarsExample</Filter>
    </ClCompile>
    <ClCompile Include="src\MarioExample\MarioActions.cpp">
      <Filter>MarioExample</Filter>
    </ClCompile>
    <ClCompile Include="src\MarioExample\MarioContactListener.cpp">
      <Filter>MarioExample</Filter>
    </ClCompile>
    <ClCompile Include="src\MarioExample\MarioGame.cpp">
      <Filter>MarioExample</Filter>
    </ClCompile>
    <ClCompile Include="src\MarioExample\MarioScene.cpp">
      <Filter>MarioExample</Filter>
    </ClCompile>
    <ClCompile Include="src\ParticlePhysicsExample\ParticlePhysicsExample.cpp">
      <Filter>ParticlePhysicsExample</Filter>
    </ClCompile>
    <ClCompile Include="src\QuadTreeExample\QuadTreeExample.cpp">
      <Filter>QuadTreeExample</Filter>
    </ClCompile>
    <ClCompile Include="src\RigidBodyPhysicsExample\RigidBodyPhysicsExample.cpp">
      <Filter>RigidBodyPhysicsExample</Filter>
    </ClCompile>
    <ClCompile Include="src\SandboxApp.cpp" />
  </ItemGroup>
</Project>