<?xml version="1.0" encoding="utf-8"?>
<Project ToolsVersion="4.0" xmlns="http://schemas.microsoft.com/developer/msbuild/2003">
  <ItemGroup>
    <Filter Include="Engine">
      <UniqueIdentifier>{DBC7D3B0-C769-FE86-B024-12DB9C6585D7}</UniqueIdentifier>
    </Filter>
    <Filter Include="Engine\Common">
      <UniqueIdentifier>{B3109034-1FD1-0B6B-E80B-55E8548B5047}</UniqueIdentifier>
    </Filter>
    <Filter Include="Engine\Core">
      <UniqueIdentifier>{130D9B61-7FC2-1357-08B7-0D2E746B0A5B}</UniqueIdentifier>
    </Filter>
    <Filter Include="Engine\ECS">
      <UniqueIdentifier>{A531F502-91E9-3650-FAF0-0FACE6C7D140}</UniqueIdentifier>
    </Filter>
    <Filter Include="Engine\Events">
      <UniqueIdentifier>{5FAFB439-CB6F-3070-94AA-79ED002A754C}</UniqueIdentifier>
    </Filter>
    <Filter Include="Engine\Imgui">
      <UniqueIdentifier>{65FD6795-5160-F739-FAE5-2FF0E627C3BC}</UniqueIdentifier>
    </Filter>
    <Filter Include="Engine\Math">
      <UniqueIdentifier>{944DA061-0003-1957-89F7-122EF5AB0F5B}</UniqueIdentifier>
    </Filter>
    <Filter Include="Engine\Memory">
      <UniqueIdentifier>{E3BA2E4B-4F7B-AA81-18B6-F3FE8435EF5D}</UniqueIdentifier>
    </Filter>
    <Filter Include="Engine\Memory\Handle">
      <UniqueIdentifier>{7E24774F-6AB3-0019-13D2-1414FF3F11BF}</UniqueIdentifier>
    </Filter>
    <Filter Include="Engine\Physics">
      <UniqueIdentifier>{4D76CF9F-3944-C3A5-22D8-33CC0E459F0A}</UniqueIdentifier>
    </Filter>
    <Filter Include="Engine\Physics\ParticleEngine">
      <UniqueIdentifier>{0658DEBE-7270-C5E8-3B1D-5582A7F45982}</UniqueIdentifier>
    </Filter>
    <Filter Include="Engine\Physics\RigidBodyEngine">
      <UniqueIdentifier>{AF2865CC-9B4E-2F33-8494-B4FE705954FF}</UniqueIdentifier>
    </Filter>
    <Filter Include="Engine\Physics\RigidBodyEngine\Collision">
      <UniqueIdentifier>{8A44901D-76C1-8360-9F3E-84748B1A20F4}</UniqueIdentifier>
    </Filter>
    <Filter Include="Engine\Platform">
      <UniqueIdentifier>{8F0ABC95-FB95-295A-04A7-AC4E70B1855A}</UniqueIdentifier>
    </Filter>
    <Filter Include="Engine\Platform\OpenGL">
      <UniqueIdentifier>{E35CAFB7-CF56-D809-B8C3-6E1AA45C3E76}</UniqueIdentifier>
    </Filter>
    <Filter Include="Engine\Platform\Windows">
      <UniqueIdentifier>{C9D3B605-350B-FF9C-3E15-63C0AACB2596}</UniqueIdentifier>
    </Filter>
    <Filter Include="Engine\Primitives">
      <UniqueIdentifier>{D6C65FFE-42DD-5D94-8B54-E9B5F7A92E1C}</UniqueIdentifier>
    </Filter>
    <Filter Include="Engine\Primitives\2D">
      <UniqueIdentifier>{BB2D08C3-A7BC-918C-50DB-A5873C49A232}</UniqueIdentifier>
    </Filter>
    <Filter Include="Engine\Rendering">
      <UniqueIdentifier>{E85EBB83-D457-DAD5-FD89-BF5AE9E1B9E1}</UniqueIdentifier>
    </Filter>
    <Filter Include="Engine\Rendering\Drawers">
      <UniqueIdentifier>{EF5D9834-DB82-E7B4-04CE-CC44F051E6D2}</UniqueIdentifier>
    </Filter>
    <Filter Include="Engine\Resource">
      <UniqueIdentifier>{52B0127D-BE3B-8041-C74C-03363357DC41}</UniqueIdentifier>
    </Filter>
    <Filter Include="Engine\Scene">
      <UniqueIdentifier>{386D1796-24D0-A63A-CD55-DFF0B99772BD}</UniqueIdentifier>
    </Filter>
  </ItemGroup>
  <ItemGroup>
    <ClInclude Include="src\Engine.h" />
    <ClInclude Include="src\Engine\Common\FreeList.h">
      <Filter>Engine\Common</Filter>
    </ClInclude>
    <ClInclude Include="src\Engine\Common\Geometry2D.h">
      <Filter>Engine\Common</Filter>
    </ClInclude>
    <ClInclude Include="src\Engine\Common\QuadTree.h">
      <Filter>Engine\Common</Filter>
    </ClInclude>
    <ClInclude Include="src\Engine\Common\SparseSet.h">
      <Filter>Engine\Common</Filter>
    </ClInclude>
    <ClInclude Include="src\Engine\Common\SparseSetPaged.h">
      <Filter>Engine\Common</Filter>
    </ClInclude>
    <ClInclude Include="src\Engine\Core\Application.h">
      <Filter>Engine\Core</Filter>
    </ClInclude>
    <ClInclude Include="src\Engine\Core\Camera.h">
      <Filter>Engine\Core</Filter>
    </ClInclude>
    <ClInclude Include="src\Engine\Core\Core.h">
      <Filter>Engine\Core</Filter>
    </ClInclude>
    <ClInclude Include="src\Engine\Core\EntryPoint.h">
      <Filter>Engine\Core</Filter>
    </ClInclude>
    <ClInclude Include="src\Engine\Core\Input.h">
      <Filter>Engine\Core</Filter>
    </ClInclude>
    <ClInclude Include="src\Engine\Core\KeyCodes.h">
      <Filter>Engine\Core</Filter>
    </ClInclude>
    <ClInclude Include="src\Engine\Core\Layer.h">
      <Filter>Engine\Core</Filter>
    </ClInclude>
    <ClInclude Include="src\Engine\Core\LayerStack.h">
      <Filter>Engine\Core</Filter>
    </ClInclude>
    <ClInclude Include="src\Engine\Core\Log.h">
      <Filter>Engine\Core</Filter>
    </ClInclude>
    <ClInclude Include="src\Engine\Core\MouseCodes.h">
      <Filter>Engine\Core</Filter>
    </ClInclude>
    <ClInclude Include="src\Engine\Core\Time.h">
      <Filter>Engine\Core</Filter>
    </ClInclude>
    <ClInclude Include="src\Engine\Core\Types.h">
      <Filter>Engine\Core</Filter>
    </ClInclude>
    <ClInclude Include="src\Engine\Core\Window.h">
      <Filter>Engine\Core</Filter>
    </ClInclude>
    <ClInclude Include="src\Engine\ECS\Components.h">
      <Filter>Engine\ECS</Filter>
    </ClInclude>
    <ClInclude Include="src\Engine\ECS\ComponentsManager.h">
      <Filter>Engine\ECS</Filter>
    </ClInclude>
    <ClInclude Include="src\Engine\ECS\EntityId.h">
      <Filter>Engine\ECS</Filter>
    </ClInclude>
    <ClInclude Include="src\Engine\ECS\EntityManager.h">
      <Filter>Engine\ECS</Filter>
    </ClInclude>
    <ClInclude Include="src\Engine\ECS\Registry.h">
      <Filter>Engine\ECS</Filter>
    </ClInclude>
    <ClInclude Include="src\Engine\ECS\View.h">
      <Filter>Engine\ECS</Filter>
    </ClInclude>
    <ClInclude Include="src\Engine\Events\Event.h">
      <Filter>Engine\Events</Filter>
    </ClInclude>
    <ClInclude Include="src\Engine\Events\KeyboardEvents.h">
      <Filter>Engine\Events</Filter>
    </ClInclude>
    <ClInclude Include="src\Engine\Events\MouseEvents.h">
      <Filter>Engine\Events</Filter>
    </ClInclude>
    <ClInclude Include="src\Engine\Events\WindowEvents.h">
      <Filter>Engine\Events</Filter>
    </ClInclude>
    <ClInclude Include="src\Engine\Imgui\ImguiCommon.h">
      <Filter>Engine\Imgui</Filter>
    </ClInclude>
    <ClInclude Include="src\Engine\Imgui\ImguiLayer.h">
      <Filter>Engine\Imgui</Filter>
    </ClInclude>
    <ClInclude Include="src\Engine\Math\LinearAlgebra.h">
      <Filter>Engine\Math</Filter>
    </ClInclude>
    <ClInclude Include="src\Engine\Math\MathUtils.h">
      <Filter>Engine\Math</Filter>
    </ClInclude>
    <ClInclude Include="src\Engine\Math\Random.h">
      <Filter>Engine\Math</Filter>
    </ClInclude>
    <ClInclude Include="src\Engine\Memory\BuddyAllocator.h">
      <Filter>Engine\Memory</Filter>
    </ClInclude>
    <ClInclude Include="src\Engine\Memory\DequeAllocator.h">
      <Filter>Engine\Memory</Filter>
    </ClInclude>
    <ClInclude Include="src\Engine\Memory\FreelistRedBlackTreeAllocator.h">
      <Filter>Engine\Memory</Filter>
    </ClInclude>
    <ClInclude Include="src\Engine\Memory\Handle\Handle.h">
      <Filter>Engine\Memory\Handle</Filter>
    </ClInclude>
    <ClInclude Include="src\Engine\Memory\MemoryManager.h">
      <Filter>Engine\Memory</Filter>
    </ClInclude>
    <ClInclude Include="src\Engine\Memory\MemoryUtils.h">
      <Filter>Engine\Memory</Filter>
    </ClInclude>
    <ClInclude Include="src\Engine\Memory\PoolAllocator.h">
      <Filter>Engine\Memory</Filter>
    </ClInclude>
    <ClInclude Include="src\Engine\Memory\StackAllocator.h">
      <Filter>Engine\Memory</Filter>
    </ClInclude>
    <ClInclude Include="src\Engine\Physics\ParticleEngine\Particle.h">
      <Filter>Engine\Physics\ParticleEngine</Filter>
    </ClInclude>
    <ClInclude Include="src\Engine\Physics\ParticleEngine\ParticleContact.h">
      <Filter>Engine\Physics\ParticleEngine</Filter>
    </ClInclude>
    <ClInclude Include="src\Engine\Physics\ParticleEngine\ParticleForceGenerator.h">
      <Filter>Engine\Physics\ParticleEngine</Filter>
    </ClInclude>
    <ClInclude Include="src\Engine\Physics\ParticleEngine\ParticleLinks.h">
      <Filter>Engine\Physics\ParticleEngine</Filter>
    </ClInclude>
    <ClInclude Include="src\Engine\Physics\ParticleEngine\ParticleWorld.h">
      <Filter>Engine\Physics\ParticleEngine</Filter>
    </ClInclude>
    <ClInclude Include="src\Engine\Physics\RigidBodyEngine\Collision\BVHTree.h">
      <Filter>Engine\Physics\RigidBodyEngine\Collision</Filter>
    </ClInclude>
    <ClInclude Include="src\Engine\Physics\RigidBodyEngine\Collision\BroadPhase.h">
      <Filter>Engine\Physics\RigidBodyEngine\Collision</Filter>
    </ClInclude>
    <ClInclude Include="src\Engine\Physics\RigidBodyEngine\Collision\Collider.h">
      <Filter>Engine\Physics\RigidBodyEngine\Collision</Filter>
    </ClInclude>
    <ClInclude Include="src\Engine\Physics\RigidBodyEngine\Collision\Contacts.h">
      <Filter>Engine\Physics\RigidBodyEngine\Collision</Filter>
    </ClInclude>
    <ClInclude Include="src\Engine\Physics\RigidBodyEngine\Collision\Intersections.h">
      <Filter>Engine\Physics\RigidBodyEngine\Collision</Filter>
    </ClInclude>
    <ClInclude Include="src\Engine\Physics\RigidBodyEngine\Collision\NarrowPhase.h">
      <Filter>Engine\Physics\RigidBodyEngine\Collision</Filter>
    </ClInclude>
    <ClInclude Include="src\Engine\Physics\RigidBodyEngine\PhysicsMaterial.h">
      <Filter>Engine\Physics\RigidBodyEngine</Filter>
    </ClInclude>
    <ClInclude Include="src\Engine\Physics\RigidBodyEngine\RigidBody.h">
      <Filter>Engine\Physics\RigidBodyEngine</Filter>
    </ClInclude>
    <ClInclude Include="src\Engine\Physics\RigidBodyEngine\RigidBodyForceGenerator.h">
      <Filter>Engine\Physics\RigidBodyEngine</Filter>
    </ClInclude>
    <ClInclude Include="src\Engine\Physics\RigidBodyEngine\RigidBodyWorld.h">
      <Filter>Engine\Physics\RigidBodyEngine</Filter>
    </ClInclude>
    <ClInclude Include="src\Engine\Physics\World.h">
      <Filter>Engine\Physics</Filter>
    </ClInclude>
    <ClInclude Include="src\Engine\Platform\OpenGL\OpenGLBuffer.h">
      <Filter>Engine\Platform\OpenGL</Filter>
    </ClInclude>
    <ClInclude Include="src\Engine\Platform\OpenGL\OpenGLContext.h">
      <Filter>Engine\Platform\OpenGL</Filter>
    </ClInclude>
    <ClInclude Include="src\Engine\Platform\OpenGL\OpenGLRendererAPI.h">
      <Filter>Engine\Platform\OpenGL</Filter>
    </ClInclude>
    <ClInclude Include="src\Engine\Platform\OpenGL\OpenGLShader.h">
      <Filter>Engine\Platform\OpenGL</Filter>
    </ClInclude>
    <ClInclude Include="src\Engine\Platform\OpenGL\OpenGLTexture.h">
      <Filter>Engine\Platform\OpenGL</Filter>
    </ClInclude>
    <ClInclude Include="src\Engine\Platform\Windows\WindowsInput.h">
      <Filter>Engine\Platform\Windows</Filter>
    </ClInclude>
    <ClInclude Include="src\Engine\Platform\Windows\WindowsWindow.h">
      <Filter>Engine\Platform\Windows</Filter>
    </ClInclude>
    <ClInclude Include="src\Engine\Primitives\2D\RegularPolygon.h">
      <Filter>Engine\Primitives\2D</Filter>
    </ClInclude>
    <ClInclude Include="src\Engine\Primitives\Shape.h">
      <Filter>Engine\Primitives</Filter>
    </ClInclude>
    <ClInclude Include="src\Engine\Rendering\Animation.h">
      <Filter>Engine\Rendering</Filter>
    </ClInclude>
    <ClInclude Include="src\Engine\Rendering\Buffer.h">
      <Filter>Engine\Rendering</Filter>
    </ClInclude>
    <ClInclude Include="src\Engine\Rendering\Drawers\BVHTreeDrawer.h">
      <Filter>Engine\Rendering\Drawers</Filter>
    </ClInclude>
    <ClInclude Include="src\Engine\Rendering\Drawers\RigidBodyWorldDrawer.h">
      <Filter>Engine\Rendering\Drawers</Filter>
    </ClInclude>
    <ClInclude Include="src\Engine\Rendering\Font.h">
      <Filter>Engine\Rendering</Filter>
    </ClInclude>
    <ClInclude Include="src\Engine\Rendering\GraphicsContext.h">
      <Filter>Engine\Rendering</Filter>
    </ClInclude>
    <ClInclude Include="src\Engine\Rendering\Light.h">
      <Filter>Engine\Rendering</Filter>
    </ClInclude>
    <ClInclude Include="src\Engine\Rendering\RenderCommand.h">
      <Filter>Engine\Rendering</Filter>
    </ClInclude>
    <ClInclude Include="src\Engine\Rendering\RenderQueue.h">
      <Filter>Engine\Rendering</Filter>
    </ClInclude>
    <ClInclude Include="src\Engine\Rendering\Renderer.h">
      <Filter>Engine\Rendering</Filter>
    </ClInclude>
    <ClInclude Include="src\Engine\Rendering\Renderer2D.h">
      <Filter>Engine\Rendering</Filter>
    </ClInclude>
    <ClInclude Include="src\Engine\Rendering\RendererAPI.h">
      <Filter>Engine\Rendering</Filter>
    </ClInclude>
    <ClInclude Include="src\Engine\Rendering\Shader.h">
      <Filter>Engine\Rendering</Filter>
    </ClInclude>
    <ClInclude Include="src\Engine\Rendering\SortingKey.h">
      <Filter>Engine\Rendering</Filter>
    </ClInclude>
    <ClInclude Include="src\Engine\Rendering\SortingLayer.h">
      <Filter>Engine\Rendering</Filter>
    </ClInclude>
    <ClInclude Include="src\Engine\Rendering\Texture.h">
      <Filter>Engine\Rendering</Filter>
    </ClInclude>
    <ClInclude Include="src\Engine\Resource\ResourceManager.h">
      <Filter>Engine\Resource</Filter>
    </ClInclude>
    <ClInclude Include="src\Engine\Scene\Action.h">
      <Filter>Engine\Scene</Filter>
    </ClInclude>
    <ClInclude Include="src\Engine\Scene\ComponentUI.h">
      <Filter>Engine\Scene</Filter>
    </ClInclude>
    <ClInclude Include="src\Engine\Scene\Scene.h">
      <Filter>Engine\Scene</Filter>
    </ClInclude>
    <ClInclude Include="src\Engine\Scene\SceneGraph.h">
      <Filter>Engine\Scene</Filter>
    </ClInclude>
    <ClInclude Include="src\Engine\Scene\ScenePanels.h">
      <Filter>Engine\Scene</Filter>
    </ClInclude>
    <ClInclude Include="src\Engine\Scene\SceneUtils.h">
      <Filter>Engine\Scene</Filter>
    </ClInclude>
    <ClInclude Include="src\enginepch.h" />
  </ItemGroup>
  <ItemGroup>
    <ClCompile Include="src\Engine\Core\Application.cpp">
      <Filter>Engine\Core</Filter>
    </ClCompile>
    <ClCompile Include="src\Engine\Core\Camera.cpp">
      <Filter>Engine\Core</Filter>
    </ClCompile>
    <ClCompile Include="src\Engine\Core\Input.cpp">
      <Filter>Engine\Core</Filter>
    </ClCompile>
    <ClCompile Include="src\Engine\Core\LayerStack.cpp">
      <Filter>Engine\Core</Filter>
    </ClCompile>
    <ClCompile Include="src\Engine\Core\Log.cpp">
      <Filter>Engine\Core</Filter>
    </ClCompile>
    <ClCompile Include="src\Engine\Core\Time.cpp">
      <Filter>Engine\Core</Filter>
    </ClCompile>
    <ClCompile Include="src\Engine\Core\Window.cpp">
      <Filter>Engine\Core</Filter>
    </ClCompile>
    <ClCompile Include="src\Engine\ECS\Components.cpp">
      <Filter>Engine\ECS</Filter>
    </ClCompile>
    <ClCompile Include="src\Engine\ECS\EntityManager.cpp">
      <Filter>Engine\ECS</Filter>
    </ClCompile>
    <ClCompile Include="src\Engine\ECS\Registry.cpp">
      <Filter>Engine\ECS</Filter>
    </ClCompile>
    <ClCompile Include="src\Engine\Imgui\ImguiBuild.cpp">
      <Filter>Engine\Imgui</Filter>
    </ClCompile>
    <ClCompile Include="src\Engine\Imgui\ImguiLayer.cpp">
      <Filter>Engine\Imgui</Filter>
    </ClCompile>
    <ClCompile Include="src\Engine\Math\Random.cpp">
      <Filter>Engine\Math</Filter>
    </ClCompile>
    <ClCompile Include="src\Engine\Memory\BuddyAllocator.cpp">
      <Filter>Engine\Memory</Filter>
    </ClCompile>
    <ClCompile Include="src\Engine\Memory\DequeAllocator.cpp">
      <Filter>Engine\Memory</Filter>
    </ClCompile>
    <ClCompile Include="src\Engine\Memory\FreelistRedBlackTreeAllocator.cpp">
      <Filter>Engine\Memory</Filter>
    </ClCompile>
    <ClCompile Include="src\Engine\Memory\MemoryManager.cpp">
      <Filter>Engine\Memory</Filter>
    </ClCompile>
    <ClCompile Include="src\Engine\Memory\MemoryUtils.cpp">
      <Filter>Engine\Memory</Filter>
    </ClCompile>
    <ClCompile Include="src\Engine\Memory\PoolAllocator.cpp">
      <Filter>Engine\Memory</Filter>
    </ClCompile>
    <ClCompile Include="src\Engine\Memory\StackAllocator.cpp">
      <Filter>Engine\Memory</Filter>
    </ClCompile>
    <ClCompile Include="src\Engine\Physics\ParticleEngine\Particle.cpp">
      <Filter>Engine\Physics\ParticleEngine</Filter>
    </ClCompile>
    <ClCompile Include="src\Engine\Physics\ParticleEngine\ParticleContact.cpp">
      <Filter>Engine\Physics\ParticleEngine</Filter>
    </ClCompile>
    <ClCompile Include="src\Engine\Physics\ParticleEngine\ParticleForceGenerator.cpp">
      <Filter>Engine\Physics\ParticleEngine</Filter>
    </ClCompile>
    <ClCompile Include="src\Engine\Physics\ParticleEngine\ParticleLinks.cpp">
      <Filter>Engine\Physics\ParticleEngine</Filter>
    </ClCompile>
    <ClCompile Include="src\Engine\Physics\ParticleEngine\ParticleWorld.cpp">
      <Filter>Engine\Physics\ParticleEngine</Filter>
    </ClCompile>
    <ClCompile Include="src\Engine\Physics\RigidBodyEngine\Collision\Collider.cpp">
      <Filter>Engine\Physics\RigidBodyEngine\Collision</Filter>
    </ClCompile>
    <ClCompile Include="src\Engine\Physics\RigidBodyEngine\Collision\Contacts.cpp">
      <Filter>Engine\Physics\RigidBodyEngine\Collision</Filter>
    </ClCompile>
    <ClCompile Include="src\Engine\Physics\RigidBodyEngine\Collision\Intersections.cpp">
      <Filter>Engine\Physics\RigidBodyEngine\Collision</Filter>
    </ClCompile>
    <ClCompile Include="src\Engine\Physics\RigidBodyEngine\Collision\NarrowPhase.cpp">
      <Filter>Engine\Physics\RigidBodyEngine\Collision</Filter>
    </ClCompile>
    <ClCompile Include="src\Engine\Physics\RigidBodyEngine\RigidBody.cpp">
      <Filter>Engine\Physics\RigidBodyEngine</Filter>
    </ClCompile>
    <ClCompile Include="src\Engine\Physics\RigidBodyEngine\RigidBodyForceGenerator.cpp">
      <Filter>Engine\Physics\RigidBodyEngine</Filter>
    </ClCompile>
    <ClCompile Include="src\Engine\Physics\RigidBodyEngine\RigidBodyWorld.cpp">
      <Filter>Engine\Physics\RigidBodyEngine</Filter>
    </ClCompile>
    <ClCompile Include="src\Engine\Physics\World.cpp">
      <Filter>Engine\Physics</Filter>
    </ClCompile>
    <ClCompile Include="src\Engine\Platform\OpenGL\OpenGLBuffer.cpp">
      <Filter>Engine\Platform\OpenGL</Filter>
    </ClCompile>
    <ClCompile Include="src\Engine\Platform\OpenGL\OpenGLContext.cpp">
      <Filter>Engine\Platform\OpenGL</Filter>
    </ClCompile>
    <ClCompile Include="src\Engine\Platform\OpenGL\OpenGLRendererAPI.cpp">
      <Filter>Engine\Platform\OpenGL</Filter>
    </ClCompile>
    <ClCompile Include="src\Engine\Platform\OpenGL\OpenGLShader.cpp">
      <Filter>Engine\Platform\OpenGL</Filter>
    </ClCompile>
    <ClCompile Include="src\Engine\Platform\OpenGL\OpenGLTexture.cpp">
      <Filter>Engine\Platform\OpenGL</Filter>
    </ClCompile>
    <ClCompile Include="src\Engine\Platform\Windows\WindowsWindow.cpp">
      <Filter>Engine\Platform\Windows</Filter>
    </ClCompile>
    <ClCompile Include="src\Engine\Primitives\2D\RegularPolygon.cpp">
      <Filter>Engine\Primitives\2D</Filter>
    </ClCompile>
    <ClCompile Include="src\Engine\Rendering\Animation.cpp">
      <Filter>Engine\Rendering</Filter>
    </ClCompile>
    <ClCompile Include="src\Engine\Rendering\Buffer.cpp">
      <Filter>Engine\Rendering</Filter>
    </ClCompile>
    <ClCompile Include="src\Engine\Rendering\Font.cpp">
      <Filter>Engine\Rendering</Filter>
    </ClCompile>
    <ClCompile Include="src\Engine\Rendering\Light.cpp">
      <Filter>Engine\Rendering</Filter>
    </ClCompile>
    <ClCompile Include="src\Engine\Rendering\RenderCommand.cpp">
      <Filter>Engine\Rendering</Filter>
    </ClCompile>
    <ClCompile Include="src\Engine\Rendering\RenderQueue.cpp">
      <Filter>Engine\Rendering</Filter>
    </ClCompile>
    <ClCompile Include="src\Engine\Rendering\Renderer.cpp">
      <Filter>Engine\Rendering</Filter>
    </ClCompile>
    <ClCompile Include="src\Engine\Rendering\Renderer2D.cpp">
      <Filter>Engine\Rendering</Filter>
    </ClCompile>
    <ClCompile Include="src\Engine\Rendering\RendererAPI.cpp">
      <Filter>Engine\Rendering</Filter>
    </ClCompile>
    <ClCompile Include="src\Engine\Rendering\Shader.cpp">
      <Filter>Engine\Rendering</Filter>
    </ClCompile>
    <ClCompile Include="src\Engine\Rendering\SortingKey.cpp">
      <Filter>Engine\Rendering</Filter>
    </ClCompile>
    <ClCompile Include="src\Engine\Rendering\SortingLayer.cpp">
      <Filter>Engine\Rendering</Filter>
    </ClCompile>
    <ClCompile Include="src\Engine\Rendering\Texture.cpp">
      <Filter>Engine\Rendering</Filter>
    </ClCompile>
    <ClCompile Include="src\Engine\Resource\ResourceManager.cpp">
      <Filter>Engine\Resource</Filter>
    </ClCompile>
    <ClCompile Include="src\Engine\Scene\ComponentUI.cpp">
      <Filter>Engine\Scene</Filter>
    </ClCompile>
    <ClCompile Include="src\Engine\Scene\SceneGraph.cpp">
      <Filter>Engine\Scene</Filter>
    </ClCompile>
    <ClCompile Include="src\Engine\Scene\ScenePanels.cpp">
      <Filter>Engine\Scene</Filter>
    </ClCompile>
    <ClCompile Include="src\Engine\Scene\SceneUtils.cpp">
      <Filter>Engine\Scene</Filter>
    </ClCompile>
    <ClCompile Include="src\enginepch.cpp" />
  </ItemGroup>
</Project>